
Microsoft Visual Studio Solution File, Format Version 12.00
# Visual Studio 15
VisualStudioVersion = 15.0.28307.421
MinimumVisualStudioVersion = 10.0.40219.1
Project("{FAE04EC0-301F-11D3-BF4B-00C04F79EFBC}") = "Desert Storm", "Desert Storm\Desert Storm.csproj", "{249C638F-445F-46B9-A3D4-A25E269A8E27}"
EndProject
Global
	GlobalSection(SolutionConfigurationPlatforms) = preSolution
		Debug|x86 = Debug|x86
		Release|x86 = Release|x86
	EndGlobalSection
	GlobalSection(ProjectConfigurationPlatforms) = postSolution
		{249C638F-445F-46B9-A3D4-A25E269A8E27}.Debug|x86.ActiveCfg = Debug|x86
		{249C638F-445F-46B9-A3D4-A25E269A8E27}.Debug|x86.Build.0 = Debug|x86
		{249C638F-445F-46B9-A3D4-A25E269A8E27}.Release|x86.ActiveCfg = Release|x86
		{249C638F-445F-46B9-A3D4-A25E269A8E27}.Release|x86.Build.0 = Release|x86
	EndGlobalSection
	GlobalSection(SolutionProperties) = preSolution
		HideSolutionNode = FALSE
	EndGlobalSection
	GlobalSection(ExtensibilityGlobals) = postSolution
		SolutionGuid = {B20C407E-B4B8-4003-9984-B19505C344AB}
	EndGlobalSection
EndGlobal
